
Microsoft Visual Studio Solution File, Format Version 12.00
# Visual Studio Version 16
VisualStudioVersion = 25.0.1706.0
MinimumVisualStudioVersion = 10.0.40219.1
Project("{FAE04EC0-301F-11D3-BF4B-00C04F79EFBC}") = "ChatServer", "ChatServer\ChatServer.csproj", "{10B94D81-5C58-44D1-A01E-D3D1860C975C}"
EndProject
Global
	GlobalSection(SolutionConfigurationPlatforms) = preSolution
		Debug|Any CPU = Debug|Any CPU
		Release|Any CPU = Release|Any CPU
	EndGlobalSection
	GlobalSection(ProjectConfigurationPlatforms) = postSolution
		{10B94D81-5C58-44D1-A01E-D3D1860C975C}.Debug|Any CPU.ActiveCfg = Debug|Any CPU
		{10B94D81-5C58-44D1-A01E-D3D1860C975C}.Debug|Any CPU.Build.0 = Debug|Any CPU
		{10B94D81-5C58-44D1-A01E-D3D1860C975C}.Release|Any CPU.ActiveCfg = Release|Any CPU
		{10B94D81-5C58-44D1-A01E-D3D1860C975C}.Release|Any CPU.Build.0 = Release|Any CPU
	EndGlobalSection
	GlobalSection(SolutionProperties) = preSolution
		HideSolutionNode = FALSE
	EndGlobalSection
	GlobalSection(ExtensibilityGlobals) = postSolution
		SolutionGuid = {7BF99374-1379-4728-A3F7-983DD6023998}
	EndGlobalSection
EndGlobal
